
Microsoft Visual Studio Solution File, Format Version 12.00
# Visual Studio Version 16
VisualStudioVersion = 16.0.31911.196
MinimumVisualStudioVersion = 10.0.40219.1
Project("{FAE04EC0-301F-11D3-BF4B-00C04F79EFBC}") = "WM_Attendance_System", "WM_Attendance_System\WM_Attendance_System.csproj", "{BBEA77AB-5B8A-4A3C-BE7A-D19EDD9B2898}"
EndProject
Global
	GlobalSection(SolutionConfigurationPlatforms) = preSolution
		Debug|Any CPU = Debug|Any CPU
		Release|Any CPU = Release|Any CPU
	EndGlobalSection
	GlobalSection(ProjectConfigurationPlatforms) = postSolution
		{BBEA77AB-5B8A-4A3C-BE7A-D19EDD9B2898}.Debug|Any CPU.ActiveCfg = Debug|Any CPU
		{BBEA77AB-5B8A-4A3C-BE7A-D19EDD9B2898}.Debug|Any CPU.Build.0 = Debug|Any CPU
		{BBEA77AB-5B8A-4A3C-BE7A-D19EDD9B2898}.Release|Any CPU.ActiveCfg = Release|Any CPU
		{BBEA77AB-5B8A-4A3C-BE7A-D19EDD9B2898}.Release|Any CPU.Build.0 = Release|Any CPU
	EndGlobalSection
	GlobalSection(SolutionProperties) = preSolution
		HideSolutionNode = FALSE
	EndGlobalSection
	GlobalSection(ExtensibilityGlobals) = postSolution
		SolutionGuid = {B16D4C1B-2166-4B88-97B4-AFC5DD2E8FE4}
	EndGlobalSection
EndGlobal
